{
  "version": 4,
  "terraform_version": "1.3.4",
  "serial": 8,
  "lineage": "36242f14-3b61-6915-511b-cde5d170afd2",
  "outputs": {},
  "resources": [
    {
      "mode": "managed",
      "type": "lyvecloud_s3_bucket",
      "name": "b",
      "provider": "provider[\"registry.terraform.io/seagate/lyvecloud\"]",
      "instances": [
        {
          "schema_version": 0,
          "attributes": {
            "bucket": "tf-lock-bucket",
            "bucket_prefix": null,
            "force_destroy": false,
            "id": "tf-lock-bucket",
            "object_lock_enabled": true,
            "region": "us-east-1",
            "tags": {
              "Environment": "tf",
              "Name": "tflockbucket"
            }
          },
          "sensitive_attributes": [],
          "private": "bnVsbA=="
        }
      ]
    }
  ],
  "check_results": null
}
